
Microsoft Visual Studio Solution File, Format Version 12.00
# Visual Studio Version 17
VisualStudioVersion = 17.12.35527.113
MinimumVisualStudioVersion = 10.0.40219.1
Project("{FAE04EC0-301F-11D3-BF4B-00C04F79EFBC}") = "Algorithm", "Algorithm\Algorithm.csproj", "{3601D2CD-9156-4802-9AA4-BE971C4EAFBD}"
EndProject
Project("{FAE04EC0-301F-11D3-BF4B-00C04F79EFBC}") = "Massivs", "Massivs\Massivs.csproj", "{95AA1A8A-A236-4818-9296-792517B3AAB0}"
EndProject
Project("{FAE04EC0-301F-11D3-BF4B-00C04F79EFBC}") = "OOP", "OOP\OOP.csproj", "{B6AE537D-0F70-429C-9198-D4435EDA2DB6}"
EndProject
Project("{FAE04EC0-301F-11D3-BF4B-00C04F79EFBC}") = "Relations", "Relations\Relations.csproj", "{1D9FA10C-8D6E-42DE-A6C3-DFED7162F022}"
EndProject
Project("{FAE04EC0-301F-11D3-BF4B-00C04F79EFBC}") = "Numbers", "Numbers\Numbers.csproj", "{6986C8E7-EFB9-4D3A-B1E5-3CD6CFA37E65}"
EndProject
Global
	GlobalSection(SolutionConfigurationPlatforms) = preSolution
		Debug|Any CPU = Debug|Any CPU
		Release|Any CPU = Release|Any CPU
	EndGlobalSection
	GlobalSection(ProjectConfigurationPlatforms) = postSolution
		{3601D2CD-9156-4802-9AA4-BE971C4EAFBD}.Debug|Any CPU.ActiveCfg = Debug|Any CPU
		{3601D2CD-9156-4802-9AA4-BE971C4EAFBD}.Debug|Any CPU.Build.0 = Debug|Any CPU
		{3601D2CD-9156-4802-9AA4-BE971C4EAFBD}.Release|Any CPU.ActiveCfg = Release|Any CPU
		{3601D2CD-9156-4802-9AA4-BE971C4EAFBD}.Release|Any CPU.Build.0 = Release|Any CPU
		{95AA1A8A-A236-4818-9296-792517B3AAB0}.Debug|Any CPU.ActiveCfg = Debug|Any CPU
		{95AA1A8A-A236-4818-9296-792517B3AAB0}.Debug|Any CPU.Build.0 = Debug|Any CPU
		{95AA1A8A-A236-4818-9296-792517B3AAB0}.Release|Any CPU.ActiveCfg = Release|Any CPU
		{95AA1A8A-A236-4818-9296-792517B3AAB0}.Release|Any CPU.Build.0 = Release|Any CPU
		{B6AE537D-0F70-429C-9198-D4435EDA2DB6}.Debug|Any CPU.ActiveCfg = Debug|Any CPU
		{B6AE537D-0F70-429C-9198-D4435EDA2DB6}.Debug|Any CPU.Build.0 = Debug|Any CPU
		{B6AE537D-0F70-429C-9198-D4435EDA2DB6}.Release|Any CPU.ActiveCfg = Release|Any CPU
		{B6AE537D-0F70-429C-9198-D4435EDA2DB6}.Release|Any CPU.Build.0 = Release|Any CPU
		{1D9FA10C-8D6E-42DE-A6C3-DFED7162F022}.Debug|Any CPU.ActiveCfg = Debug|Any CPU
		{1D9FA10C-8D6E-42DE-A6C3-DFED7162F022}.Debug|Any CPU.Build.0 = Debug|Any CPU
		{1D9FA10C-8D6E-42DE-A6C3-DFED7162F022}.Release|Any CPU.ActiveCfg = Release|Any CPU
		{1D9FA10C-8D6E-42DE-A6C3-DFED7162F022}.Release|Any CPU.Build.0 = Release|Any CPU
		{6986C8E7-EFB9-4D3A-B1E5-3CD6CFA37E65}.Debug|Any CPU.ActiveCfg = Debug|Any CPU
		{6986C8E7-EFB9-4D3A-B1E5-3CD6CFA37E65}.Debug|Any CPU.Build.0 = Debug|Any CPU
		{6986C8E7-EFB9-4D3A-B1E5-3CD6CFA37E65}.Release|Any CPU.ActiveCfg = Release|Any CPU
		{6986C8E7-EFB9-4D3A-B1E5-3CD6CFA37E65}.Release|Any CPU.Build.0 = Release|Any CPU
	EndGlobalSection
	GlobalSection(SolutionProperties) = preSolution
		HideSolutionNode = FALSE
	EndGlobalSection
EndGlobal
